
Microsoft Visual Studio Solution File, Format Version 12.00
# Visual Studio 15
VisualStudioVersion = 15.0.26730.16
MinimumVisualStudioVersion = 10.0.40219.1
Project("{FAE04EC0-301F-11D3-BF4B-00C04F79EFBC}") = "A11", "A11\A11.csproj", "{BF365C8A-46F1-4199-86FC-9FE3FDD04915}"
EndProject
Project("{FAE04EC0-301F-11D3-BF4B-00C04F79EFBC}") = "TestCommon", "..\Common\TestCommon\TestCommon.csproj", "{C39FF0C4-6960-42AD-8E2C-D2CAFE850A52}"
EndProject
Project("{FAE04EC0-301F-11D3-BF4B-00C04F79EFBC}") = "A11Tests", "A11Tests\A11Tests.csproj", "{FD0A253E-2677-41AD-A60F-CBD903910286}"
EndProject
Global
	GlobalSection(SolutionConfigurationPlatforms) = preSolution
		Debug|Any CPU = Debug|Any CPU
		Release|Any CPU = Release|Any CPU
	EndGlobalSection
	GlobalSection(ProjectConfigurationPlatforms) = postSolution
		{BF365C8A-46F1-4199-86FC-9FE3FDD04915}.Debug|Any CPU.ActiveCfg = Debug|Any CPU
		{BF365C8A-46F1-4199-86FC-9FE3FDD04915}.Debug|Any CPU.Build.0 = Debug|Any CPU
		{BF365C8A-46F1-4199-86FC-9FE3FDD04915}.Release|Any CPU.ActiveCfg = Release|Any CPU
		{BF365C8A-46F1-4199-86FC-9FE3FDD04915}.Release|Any CPU.Build.0 = Release|Any CPU
		{C39FF0C4-6960-42AD-8E2C-D2CAFE850A52}.Debug|Any CPU.ActiveCfg = Debug|Any CPU
		{C39FF0C4-6960-42AD-8E2C-D2CAFE850A52}.Debug|Any CPU.Build.0 = Debug|Any CPU
		{C39FF0C4-6960-42AD-8E2C-D2CAFE850A52}.Release|Any CPU.ActiveCfg = Release|Any CPU
		{C39FF0C4-6960-42AD-8E2C-D2CAFE850A52}.Release|Any CPU.Build.0 = Release|Any CPU
		{FD0A253E-2677-41AD-A60F-CBD903910286}.Debug|Any CPU.ActiveCfg = Debug|Any CPU
		{FD0A253E-2677-41AD-A60F-CBD903910286}.Debug|Any CPU.Build.0 = Debug|Any CPU
		{FD0A253E-2677-41AD-A60F-CBD903910286}.Release|Any CPU.ActiveCfg = Release|Any CPU
		{FD0A253E-2677-41AD-A60F-CBD903910286}.Release|Any CPU.Build.0 = Release|Any CPU
	EndGlobalSection
	GlobalSection(SolutionProperties) = preSolution
		HideSolutionNode = FALSE
	EndGlobalSection
	GlobalSection(ExtensibilityGlobals) = postSolution
		SolutionGuid = {37DDE05D-5FC4-4703-8AB2-365068505BC7}
	EndGlobalSection
EndGlobal
