
Microsoft Visual Studio Solution File, Format Version 12.00
# Visual Studio 15
VisualStudioVersion = 15.0.26730.16
MinimumVisualStudioVersion = 10.0.40219.1
Project("{FAE04EC0-301F-11D3-BF4B-00C04F79EFBC}") = "A1", "A1\A1.csproj", "{383D2B5A-077B-4F8D-B1A7-32CFD3824E63}"
EndProject
Project("{FAE04EC0-301F-11D3-BF4B-00C04F79EFBC}") = "TestCommon", "..\Common\TestCommon\TestCommon.csproj", "{C39FF0C4-6960-42AD-8E2C-D2CAFE850A52}"
EndProject
Project("{FAE04EC0-301F-11D3-BF4B-00C04F79EFBC}") = "A1Tests", "A1Tests\A1Tests.csproj", "{21387D63-30EB-4108-BB10-C76AD1FA41D1}"
EndProject
Global
	GlobalSection(SolutionConfigurationPlatforms) = preSolution
		Debug|Any CPU = Debug|Any CPU
		Release|Any CPU = Release|Any CPU
	EndGlobalSection
	GlobalSection(ProjectConfigurationPlatforms) = postSolution
		{383D2B5A-077B-4F8D-B1A7-32CFD3824E63}.Debug|Any CPU.ActiveCfg = Debug|Any CPU
		{383D2B5A-077B-4F8D-B1A7-32CFD3824E63}.Debug|Any CPU.Build.0 = Debug|Any CPU
		{383D2B5A-077B-4F8D-B1A7-32CFD3824E63}.Release|Any CPU.ActiveCfg = Release|Any CPU
		{383D2B5A-077B-4F8D-B1A7-32CFD3824E63}.Release|Any CPU.Build.0 = Release|Any CPU
		{C39FF0C4-6960-42AD-8E2C-D2CAFE850A52}.Debug|Any CPU.ActiveCfg = Debug|Any CPU
		{C39FF0C4-6960-42AD-8E2C-D2CAFE850A52}.Debug|Any CPU.Build.0 = Debug|Any CPU
		{C39FF0C4-6960-42AD-8E2C-D2CAFE850A52}.Release|Any CPU.ActiveCfg = Release|Any CPU
		{C39FF0C4-6960-42AD-8E2C-D2CAFE850A52}.Release|Any CPU.Build.0 = Release|Any CPU
		{21387D63-30EB-4108-BB10-C76AD1FA41D1}.Debug|Any CPU.ActiveCfg = Debug|Any CPU
		{21387D63-30EB-4108-BB10-C76AD1FA41D1}.Debug|Any CPU.Build.0 = Debug|Any CPU
		{21387D63-30EB-4108-BB10-C76AD1FA41D1}.Release|Any CPU.ActiveCfg = Release|Any CPU
		{21387D63-30EB-4108-BB10-C76AD1FA41D1}.Release|Any CPU.Build.0 = Release|Any CPU
	EndGlobalSection
	GlobalSection(SolutionProperties) = preSolution
		HideSolutionNode = FALSE
	EndGlobalSection
	GlobalSection(ExtensibilityGlobals) = postSolution
		SolutionGuid = {406FFF83-7516-40FC-9068-4E98286A6432}
	EndGlobalSection
EndGlobal
