
Microsoft Visual Studio Solution File, Format Version 12.00
# Visual Studio 15
VisualStudioVersion = 15.0.26730.16
MinimumVisualStudioVersion = 10.0.40219.1
Project("{FAE04EC0-301F-11D3-BF4B-00C04F79EFBC}") = "A6", "A6\A6.csproj", "{2E8D11CD-1910-4F73-B158-01EC4A5843B6}"
EndProject
Project("{FAE04EC0-301F-11D3-BF4B-00C04F79EFBC}") = "A6Tests", "A6Tests\A6Tests.csproj", "{D75A7DF8-61F6-415E-9C20-332150595738}"
EndProject
Project("{FAE04EC0-301F-11D3-BF4B-00C04F79EFBC}") = "TestCommon", "..\Common\TestCommon\TestCommon.csproj", "{C39FF0C4-6960-42AD-8E2C-D2CAFE850A52}"
EndProject
Global
	GlobalSection(SolutionConfigurationPlatforms) = preSolution
		Debug|Any CPU = Debug|Any CPU
		Release|Any CPU = Release|Any CPU
	EndGlobalSection
	GlobalSection(ProjectConfigurationPlatforms) = postSolution
		{2E8D11CD-1910-4F73-B158-01EC4A5843B6}.Debug|Any CPU.ActiveCfg = Debug|Any CPU
		{2E8D11CD-1910-4F73-B158-01EC4A5843B6}.Debug|Any CPU.Build.0 = Debug|Any CPU
		{2E8D11CD-1910-4F73-B158-01EC4A5843B6}.Release|Any CPU.ActiveCfg = Release|Any CPU
		{2E8D11CD-1910-4F73-B158-01EC4A5843B6}.Release|Any CPU.Build.0 = Release|Any CPU
		{D75A7DF8-61F6-415E-9C20-332150595738}.Debug|Any CPU.ActiveCfg = Debug|Any CPU
		{D75A7DF8-61F6-415E-9C20-332150595738}.Debug|Any CPU.Build.0 = Debug|Any CPU
		{D75A7DF8-61F6-415E-9C20-332150595738}.Release|Any CPU.ActiveCfg = Release|Any CPU
		{D75A7DF8-61F6-415E-9C20-332150595738}.Release|Any CPU.Build.0 = Release|Any CPU
		{C39FF0C4-6960-42AD-8E2C-D2CAFE850A52}.Debug|Any CPU.ActiveCfg = Debug|Any CPU
		{C39FF0C4-6960-42AD-8E2C-D2CAFE850A52}.Debug|Any CPU.Build.0 = Debug|Any CPU
		{C39FF0C4-6960-42AD-8E2C-D2CAFE850A52}.Release|Any CPU.ActiveCfg = Release|Any CPU
		{C39FF0C4-6960-42AD-8E2C-D2CAFE850A52}.Release|Any CPU.Build.0 = Release|Any CPU
	EndGlobalSection
	GlobalSection(SolutionProperties) = preSolution
		HideSolutionNode = FALSE
	EndGlobalSection
	GlobalSection(ExtensibilityGlobals) = postSolution
		SolutionGuid = {5EA2BD1D-92A7-4ED5-BA94-8D405C9468E8}
	EndGlobalSection
EndGlobal
